// !$*UTF8*$!
{
	archiveVersion = 1;
	classes = {
	};
	objectVersion = 46;
	objects = {

/* Begin PBXBuildFile section */
		3E0D79561CC52D1C009B6CC4 /* main.m in Sources */ = {isa = PBXBuildFile; fileRef = 3E0D79551CC52D1C009B6CC4 /* main.m */; };
		3E0D79591CC52D1C009B6CC4 /* AppDelegate.m in Sources */ = {isa = PBXBuildFile; fileRef = 3E0D79581CC52D1C009B6CC4 /* AppDelegate.m */; };
		3E0D795C1CC52D1C009B6CC4 /* ViewController.m in Sources */ = {isa = PBXBuildFile; fileRef = 3E0D795B1CC52D1C009B6CC4 /* ViewController.m */; };
		3E0D795F1CC52D1C009B6CC4 /* Main.storyboard in Resources */ = {isa = PBXBuildFile; fileRef = 3E0D795D1CC52D1C009B6CC4 /* Main.storyboard */; };
		3E0D79611CC52D1C009B6CC4 /* Assets.xcassets in Resources */ = {isa = PBXBuildFile; fileRef = 3E0D79601CC52D1C009B6CC4 /* Assets.xcassets */; };
		3E0D79641CC52D1C009B6CC4 /* LaunchScreen.storyboard in Resources */ = {isa = PBXBuildFile; fileRef = 3E0D79621CC52D1C009B6CC4 /* LaunchScreen.storyboard */; };
		3E0D796F1CC52D1C009B6CC4 /* CollectionViewCarouselTests.m in Sources */ = {isa = PBXBuildFile; fileRef = 3E0D796E1CC52D1C009B6CC4 /* CollectionViewCarouselTests.m */; };
		3E0D797A1CC52D1C009B6CC4 /* CollectionViewCarouselUITests.m in Sources */ = {isa = PBXBuildFile; fileRef = 3E0D79791CC52D1C009B6CC4 /* CollectionViewCarouselUITests.m */; };
		3E0D79891CC53931009B6CC4 /* CustomFlowLayout.m in Sources */ = {isa = PBXBuildFile; fileRef = 3E0D79881CC53931009B6CC4 /* CustomFlowLayout.m */; };
		3E0D798C1CC5490B009B6CC4 /* ViewController2.m in Sources */ = {isa = PBXBuildFile; fileRef = 3E0D798B1CC5490B009B6CC4 /* ViewController2.m */; };
/* End PBXBuildFile section */

/* Begin PBXContainerItemProxy section */
		3E0D796B1CC52D1C009B6CC4 /* PBXContainerItemProxy */ = {
			isa = PBXContainerItemProxy;
			containerPortal = 3E0D79491CC52D1B009B6CC4 /* Project object */;
			proxyType = 1;
			remoteGlobalIDString = 3E0D79501CC52D1B009B6CC4;
			remoteInfo = CollectionViewCarousel;
		};
		3E0D79761CC52D1C009B6CC4 /* PBXContainerItemProxy */ = {
			isa = PBXContainerItemProxy;
			containerPortal = 3E0D79491CC52D1B009B6CC4 /* Project object */;
			proxyType = 1;
			remoteGlobalIDString = 3E0D79501CC52D1B009B6CC4;
			remoteInfo = CollectionViewCarousel;
		};
/* End PBXContainerItemProxy section */

/* Begin PBXFileReference section */
		3E0D79511CC52D1B009B6CC4 /* CollectionViewCarousel.app */ = {isa = PBXFileReference; explicitFileType = wrapper.application; includeInIndex = 0; path = CollectionViewCarousel.app; sourceTree = BUILT_PRODUCTS_DIR; };
		3E0D79551CC52D1C009B6CC4 /* main.m */ = {isa = PBXFileReference; lastKnownFileType = sourcecode.c.objc; path = main.m; sourceTree = "<group>"; };
		3E0D79571CC52D1C009B6CC4 /* AppDelegate.h */ = {isa = PBXFileReference; lastKnownFileType = sourcecode.c.h; path = AppDelegate.h; sourceTree = "<group>"; };
		3E0D79581CC52D1C009B6CC4 /* AppDelegate.m */ = {isa = PBXFileReference; lastKnownFileType = sourcecode.c.objc; path = AppDelegate.m; sourceTree = "<group>"; };
		3E0D795A1CC52D1C009B6CC4 /* ViewController.h */ = {isa = PBXFileReference; lastKnownFileType = sourcecode.c.h; path = ViewController.h; sourceTree = "<group>"; };
		3E0D795B1CC52D1C009B6CC4 /* ViewController.m */ = {isa = PBXFileReference; lastKnownFileType = sourcecode.c.objc; path = ViewController.m; sourceTree = "<group>"; };
		3E0D795E1CC52D1C009B6CC4 /* Base */ = {isa = PBXFileReference; lastKnownFileType = file.storyboard; name = Base; path = Base.lproj/Main.storyboard; sourceTree = "<group>"; };
		3E0D79601CC52D1C009B6CC4 /* Assets.xcassets */ = {isa = PBXFileReference; lastKnownFileType = folder.assetcatalog; path = Assets.xcassets; sourceTree = "<group>"; };
		3E0D79631CC52D1C009B6CC4 /* Base */ = {isa = PBXFileReference; lastKnownFileType = file.storyboard; name = Base; path = Base.lproj/LaunchScreen.storyboard; sourceTree = "<group>"; };
		3E0D79651CC52D1C009B6CC4 /* Info.plist */ = {isa = PBXFileReference; lastKnownFileType = text.plist.xml; path = Info.plist; sourceTree = "<group>"; };
		3E0D796A1CC52D1C009B6CC4 /* CollectionViewCarouselTests.xctest */ = {isa = PBXFileReference; explicitFileType = wrapper.cfbundle; includeInIndex = 0; path = CollectionViewCarouselTests.xctest; sourceTree = BUILT_PRODUCTS_DIR; };
		3E0D796E1CC52D1C009B6CC4 /* CollectionViewCarouselTests.m */ = {isa = PBXFileReference; lastKnownFileType = sourcecode.c.objc; path = CollectionViewCarouselTests.m; sourceTree = "<group>"; };
		3E0D79701CC52D1C009B6CC4 /* Info.plist */ = {isa = PBXFileReference; lastKnownFileType = text.plist.xml; path = Info.plist; sourceTree = "<group>"; };
		3E0D79751CC52D1C009B6CC4 /* CollectionViewCarouselUITests.xctest */ = {isa = PBXFileReference; explicitFileType = wrapper.cfbundle; includeInIndex = 0; path = CollectionViewCarouselUITests.xctest; sourceTree = BUILT_PRODUCTS_DIR; };
		3E0D79791CC52D1C009B6CC4 /* CollectionViewCarouselUITests.m */ = {isa = PBXFileReference; lastKnownFileType = sourcecode.c.objc; path = CollectionViewCarouselUITests.m; sourceTree = "<group>"; };
		3E0D797B1CC52D1C009B6CC4 /* Info.plist */ = {isa = PBXFileReference; lastKnownFileType = text.plist.xml; path = Info.plist; sourceTree = "<group>"; };
		3E0D79871CC53931009B6CC4 /* CustomFlowLayout.h */ = {isa = PBXFileReference; fileEncoding = 4; lastKnownFileType = sourcecode.c.h; path = CustomFlowLayout.h; sourceTree = "<group>"; };
		3E0D79881CC53931009B6CC4 /* CustomFlowLayout.m */ = {isa = PBXFileReference; fileEncoding = 4; lastKnownFileType = sourcecode.c.objc; path = CustomFlowLayout.m; sourceTree = "<group>"; };
		3E0D798A1CC5490B009B6CC4 /* ViewController2.h */ = {isa = PBXFileReference; fileEncoding = 4; lastKnownFileType = sourcecode.c.h; path = ViewController2.h; sourceTree = "<group>"; };
		3E0D798B1CC5490B009B6CC4 /* ViewController2.m */ = {isa = PBXFileReference; fileEncoding = 4; lastKnownFileType = sourcecode.c.objc; path = ViewController2.m; sourceTree = "<group>"; };
/* End PBXFileReference section */

/* Begin PBXFrameworksBuildPhase section */
		3E0D794E1CC52D1B009B6CC4 /* Frameworks */ = {
			isa = PBXFrameworksBuildPhase;
			buildActionMask = 2147483647;
			files = (
			);
			runOnlyForDeploymentPostprocessing = 0;
		};
		3E0D79671CC52D1C009B6CC4 /* Frameworks */ = {
			isa = PBXFrameworksBuildPhase;
			buildActionMask = 2147483647;
			files = (
			);
			runOnlyForDeploymentPostprocessing = 0;
		};
		3E0D79721CC52D1C009B6CC4 /* Frameworks */ = {
			isa = PBXFrameworksBuildPhase;
			buildActionMask = 2147483647;
			files = (
			);
			runOnlyForDeploymentPostprocessing = 0;
		};
/* End PBXFrameworksBuildPhase section */

/* Begin PBXGroup section */
		3E0D79481CC52D1B009B6CC4 = {
			isa = PBXGroup;
			children = (
				3E0D79531CC52D1C009B6CC4 /* CollectionViewCarousel */,
				3E0D796D1CC52D1C009B6CC4 /* CollectionViewCarouselTests */,
				3E0D79781CC52D1C009B6CC4 /* CollectionViewCarouselUITests */,
				3E0D79521CC52D1B009B6CC4 /* Products */,
			);
			sourceTree = "<group>";
		};
		3E0D79521CC52D1B009B6CC4 /* Products */ = {
			isa = PBXGroup;
			children = (
				3E0D79511CC52D1B009B6CC4 /* CollectionViewCarousel.app */,
				3E0D796A1CC52D1C009B6CC4 /* CollectionViewCarouselTests.xctest */,
				3E0D79751CC52D1C009B6CC4 /* CollectionViewCarouselUITests.xctest */,
			);
			name = Products;
			sourceTree = "<group>";
		};
		3E0D79531CC52D1C009B6CC4 /* CollectionViewCarousel */ = {
			isa = PBXGroup;
			children = (
				3E0D79571CC52D1C009B6CC4 /* AppDelegate.h */,
				3E0D79581CC52D1C009B6CC4 /* AppDelegate.m */,
				3E0D795A1CC52D1C009B6CC4 /* ViewController.h */,
				3E0D795B1CC52D1C009B6CC4 /* ViewController.m */,
				3E0D795D1CC52D1C009B6CC4 /* Main.storyboard */,
				3E0D79601CC52D1C009B6CC4 /* Assets.xcassets */,
				3E0D79621CC52D1C009B6CC4 /* LaunchScreen.storyboard */,
				3E0D79651CC52D1C009B6CC4 /* Info.plist */,
				3E0D79541CC52D1C009B6CC4 /* Supporting Files */,
				3E0D79871CC53931009B6CC4 /* CustomFlowLayout.h */,
				3E0D79881CC53931009B6CC4 /* CustomFlowLayout.m */,
				3E0D798A1CC5490B009B6CC4 /* ViewController2.h */,
				3E0D798B1CC5490B009B6CC4 /* ViewController2.m */,
			);
			path = CollectionViewCarousel;
			sourceTree = "<group>";
		};
		3E0D79541CC52D1C009B6CC4 /* Supporting Files */ = {
			isa = PBXGroup;
			children = (
				3E0D79551CC52D1C009B6CC4 /* main.m */,
			);
			name = "Supporting Files";
			sourceTree = "<group>";
		};
		3E0D796D1CC52D1C009B6CC4 /* CollectionViewCarouselTests */ = {
			isa = PBXGroup;
			children = (
				3E0D796E1CC52D1C009B6CC4 /* CollectionViewCarouselTests.m */,
				3E0D79701CC52D1C009B6CC4 /* Info.plist */,
			);
			path = CollectionViewCarouselTests;
			sourceTree = "<group>";
		};
		3E0D79781CC52D1C009B6CC4 /* CollectionViewCarouselUITests */ = {
			isa = PBXGroup;
			children = (
				3E0D79791CC52D1C009B6CC4 /* CollectionViewCarouselUITests.m */,
				3E0D797B1CC52D1C009B6CC4 /* Info.plist */,
			);
			path = CollectionViewCarouselUITests;
			sourceTree = "<group>";
		};
/* End PBXGroup section */

/* Begin PBXNativeTarget section */
		3E0D79501CC52D1B009B6CC4 /* CollectionViewCarousel */ = {
			isa = PBXNativeTarget;
			buildConfigurationList = 3E0D797E1CC52D1C009B6CC4 /* Build configuration list for PBXNativeTarget "CollectionViewCarousel" */;
			buildPhases = (
				3E0D794D1CC52D1B009B6CC4 /* Sources */,
				3E0D794E1CC52D1B009B6CC4 /* Frameworks */,
				3E0D794F1CC52D1B009B6CC4 /* Resources */,
			);
			buildRules = (
			);
			dependencies = (
			);
			name = CollectionViewCarousel;
			productName = CollectionViewCarousel;
			productReference = 3E0D79511CC52D1B009B6CC4 /* CollectionViewCarousel.app */;
			productType = "com.apple.product-type.application";
		};
		3E0D79691CC52D1C009B6CC4 /* CollectionViewCarouselTests */ = {
			isa = PBXNativeTarget;
			buildConfigurationList = 3E0D79811CC52D1C009B6CC4 /* Build configuration list for PBXNativeTarget "CollectionViewCarouselTests" */;
			buildPhases = (
				3E0D79661CC52D1C009B6CC4 /* Sources */,
				3E0D79671CC52D1C009B6CC4 /* Frameworks */,
				3E0D79681CC52D1C009B6CC4 /* Resources */,
			);
			buildRules = (
			);
			dependencies = (
				3E0D796C1CC52D1C009B6CC4 /* PBXTargetDependency */,
			);
			name = CollectionViewCarouselTests;
			productName = CollectionViewCarouselTests;
			productReference = 3E0D796A1CC52D1C009B6CC4 /* CollectionViewCarouselTests.xctest */;
			productType = "com.apple.product-type.bundle.unit-test";
		};
		3E0D79741CC52D1C009B6CC4 /* CollectionViewCarouselUITests */ = {
			isa = PBXNativeTarget;
			buildConfigurationList = 3E0D79841CC52D1C009B6CC4 /* Build configuration list for PBXNativeTarget "CollectionViewCarouselUITests" */;
			buildPhases = (
				3E0D79711CC52D1C009B6CC4 /* Sources */,
				3E0D79721CC52D1C009B6CC4 /* Frameworks */,
				3E0D79731CC52D1C009B6CC4 /* Resources */,
			);
			buildRules = (
			);
			dependencies = (
				3E0D79771CC52D1C009B6CC4 /* PBXTargetDependency */,
			);
			name = CollectionViewCarouselUITests;
			productName = CollectionViewCarouselUITests;
			productReference = 3E0D79751CC52D1C009B6CC4 /* CollectionViewCarouselUITests.xctest */;
			productType = "com.apple.product-type.bundle.ui-testing";
		};
/* End PBXNativeTarget section */

/* Begin PBXProject section */
		3E0D79491CC52D1B009B6CC4 /* Project object */ = {
			isa = PBXProject;
			attributes = {
				LastUpgradeCheck = 0730;
				ORGANIZATIONNAME = "Steve Smith";
				TargetAttributes = {
					3E0D79501CC52D1B009B6CC4 = {
						CreatedOnToolsVersion = 7.3;
					};
					3E0D79691CC52D1C009B6CC4 = {
						CreatedOnToolsVersion = 7.3;
						TestTargetID = 3E0D79501CC52D1B009B6CC4;
					};
					3E0D79741CC52D1C009B6CC4 = {
						CreatedOnToolsVersion = 7.3;
						TestTargetID = 3E0D79501CC52D1B009B6CC4;
					};
				};
			};
			buildConfigurationList = 3E0D794C1CC52D1B009B6CC4 /* Build configuration list for PBXProject "CollectionViewCarousel" */;
			compatibilityVersion = "Xcode 3.2";
			developmentRegion = English;
			hasScannedForEncodings = 0;
			knownRegions = (
				en,
				Base,
			);
			mainGroup = 3E0D79481CC52D1B009B6CC4;
			productRefGroup = 3E0D79521CC52D1B009B6CC4 /* Products */;
			projectDirPath = "";
			projectRoot = "";
			targets = (
				3E0D79501CC52D1B009B6CC4 /* CollectionViewCarousel */,
				3E0D79691CC52D1C009B6CC4 /* CollectionViewCarouselTests */,
				3E0D79741CC52D1C009B6CC4 /* CollectionViewCarouselUITests */,
			);
		};
/* End PBXProject section */

/* Begin PBXResourcesBuildPhase section */
		3E0D794F1CC52D1B009B6CC4 /* Resources */ = {
			isa = PBXResourcesBuildPhase;
			buildActionMask = 2147483647;
			files = (
				3E0D79641CC52D1C009B6CC4 /* LaunchScreen.storyboard in Resources */,
				3E0D79611CC52D1C009B6CC4 /* Assets.xcassets in Resources */,
				3E0D795F1CC52D1C009B6CC4 /* Main.storyboard in Resources */,
			);
			runOnlyForDeploymentPostprocessing = 0;
		};
		3E0D79681CC52D1C009B6CC4 /* Resources */ = {
			isa = PBXResourcesBuildPhase;
			buildActionMask = 2147483647;
			files = (
			);
			runOnlyForDeploymentPostprocessing = 0;
		};
		3E0D79731CC52D1C009B6CC4 /* Resources */ = {
			isa = PBXResourcesBuildPhase;
			buildActionMask = 2147483647;
			files = (
			);
			runOnlyForDeploymentPostprocessing = 0;
		};
/* End PBXResourcesBuildPhase section */

/* Begin PBXSourcesBuildPhase section */
		3E0D794D1CC52D1B009B6CC4 /* Sources */ = {
			isa = PBXSourcesBuildPhase;
			buildActionMask = 2147483647;
			files = (
				3E0D795C1CC52D1C009B6CC4 /* ViewController.m in Sources */,
				3E0D79591CC52D1C009B6CC4 /* AppDelegate.m in Sources */,
				3E0D798C1CC5490B009B6CC4 /* ViewController2.m in Sources */,
				3E0D79891CC53931009B6CC4 /* CustomFlowLayout.m in Sources */,
				3E0D79561CC52D1C009B6CC4 /* main.m in Sources */,
			);
			runOnlyForDeploymentPostprocessing = 0;
		};
		3E0D79661CC52D1C009B6CC4 /* Sources */ = {
			isa = PBXSourcesBuildPhase;
			buildActionMask = 2147483647;
			files = (
				3E0D796F1CC52D1C009B6CC4 /* CollectionViewCarouselTests.m in Sources */,
			);
			runOnlyForDeploymentPostprocessing = 0;
		};
		3E0D79711CC52D1C009B6CC4 /* Sources */ = {
			isa = PBXSourcesBuildPhase;
			buildActionMask = 2147483647;
			files = (
				3E0D797A1CC52D1C009B6CC4 /* CollectionViewCarouselUITests.m in Sources */,
			);
			runOnlyForDeploymentPostprocessing = 0;
		};
/* End PBXSourcesBuildPhase section */

/* Begin PBXTargetDependency section */
		3E0D796C1CC52D1C009B6CC4 /* PBXTargetDependency */ = {
			isa = PBXTargetDependency;
			target = 3E0D79501CC52D1B009B6CC4 /* CollectionViewCarousel */;
			targetProxy = 3E0D796B1CC52D1C009B6CC4 /* PBXContainerItemProxy */;
		};
		3E0D79771CC52D1C009B6CC4 /* PBXTargetDependency */ = {
			isa = PBXTargetDependency;
			target = 3E0D79501CC52D1B009B6CC4 /* CollectionViewCarousel */;
			targetProxy = 3E0D79761CC52D1C009B6CC4 /* PBXContainerItemProxy */;
		};
/* End PBXTargetDependency section */

/* Begin PBXVariantGroup section */
		3E0D795D1CC52D1C009B6CC4 /* Main.storyboard */ = {
			isa = PBXVariantGroup;
			children = (
				3E0D795E1CC52D1C009B6CC4 /* Base */,
			);
			name = Main.storyboard;
			sourceTree = "<group>";
		};
		3E0D79621CC52D1C009B6CC4 /* LaunchScreen.storyboard */ = {
			isa = PBXVariantGroup;
			children = (
				3E0D79631CC52D1C009B6CC4 /* Base */,
			);
			name = LaunchScreen.storyboard;
			sourceTree = "<group>";
		};
/* End PBXVariantGroup section */

/* Begin XCBuildConfiguration section */
		3E0D797C1CC52D1C009B6CC4 /* Debug */ = {
			isa = XCBuildConfiguration;
			buildSettings = {
				ALWAYS_SEARCH_USER_PATHS = NO;
				CLANG_ANALYZER_NONNULL = YES;
				CLANG_CXX_LANGUAGE_STANDARD = "gnu++0x";
				CLANG_CXX_LIBRARY = "libc++";
				CLANG_ENABLE_MODULES = YES;
				CLANG_ENABLE_OBJC_ARC = YES;
				CLANG_WARN_BOOL_CONVERSION = YES;
				CLANG_WARN_CONSTANT_CONVERSION = YES;
				CLANG_WARN_DIRECT_OBJC_ISA_USAGE = YES_ERROR;
				CLANG_WARN_EMPTY_BODY = YES;
				CLANG_WARN_ENUM_CONVERSION = YES;
				CLANG_WARN_INT_CONVERSION = YES;
				CLANG_WARN_OBJC_ROOT_CLASS = YES_ERROR;
				CLANG_WARN_UNREACHABLE_CODE = YES;
				CLANG_WARN__DUPLICATE_METHOD_MATCH = YES;
				"CODE_SIGN_IDENTITY[sdk=iphoneos*]" = "iPhone Developer";
				COPY_PHASE_STRIP = NO;
				DEBUG_INFORMATION_FORMAT = dwarf;
				ENABLE_STRICT_OBJC_MSGSEND = YES;
				ENABLE_TESTABILITY = YES;
				GCC_C_LANGUAGE_STANDARD = gnu99;
				GCC_DYNAMIC_NO_PIC = NO;
				GCC_NO_COMMON_BLOCKS = YES;
				GCC_OPTIMIZATION_LEVEL = 0;
				GCC_PREPROCESSOR_DEFINITIONS = (
					"DEBUG=1",
					"$(inherited)",
				);
				GCC_WARN_64_TO_32_BIT_CONVERSION = YES;
				GCC_WARN_ABOUT_RETURN_TYPE = YES_ERROR;
				GCC_WARN_UNDECLARED_SELECTOR = YES;
				GCC_WARN_UNINITIALIZED_AUTOS = YES_AGGRESSIVE;
				GCC_WARN_UNUSED_FUNCTION = YES;
				GCC_WARN_UNUSED_VARIABLE = YES;
				IPHONEOS_DEPLOYMENT_TARGET = 9.3;
				MTL_ENABLE_DEBUG_INFO = YES;
				ONLY_ACTIVE_ARCH = YES;
				SDKROOT = iphoneos;
				TARGETED_DEVICE_FAMILY = "1,2";
			};
			name = Debug;
		};
		3E0D797D1CC52D1C009B6CC4 /* Release */ = {
			isa = XCBuildConfiguration;
			buildSettings = {
				ALWAYS_SEARCH_USER_PATHS = NO;
				CLANG_ANALYZER_NONNULL = YES;
				CLANG_CXX_LANGUAGE_STANDARD = "gnu++0x";
				CLANG_CXX_LIBRARY = "libc++";
				CLANG_ENABLE_MODULES = YES;
				CLANG_ENABLE_OBJC_ARC = YES;
				CLANG_WARN_BOOL_CONVERSION = YES;
				CLANG_WARN_CONSTANT_CONVERSION = YES;
				CLANG_WARN_DIRECT_OBJC_ISA_USAGE = YES_ERROR;
				CLANG_WARN_EMPTY_BODY = YES;
				CLANG_WARN_ENUM_CONVERSION = YES;
				CLANG_WARN_INT_CONVERSION = YES;
				CLANG_WARN_OBJC_ROOT_CLASS = YES_ERROR;
				CLANG_WARN_UNREACHABLE_CODE = YES;
				CLANG_WARN__DUPLICATE_METHOD_MATCH = YES;
				"CODE_SIGN_IDENTITY[sdk=iphoneos*]" = "iPhone Developer";
				COPY_PHASE_STRIP = NO;
				DEBUG_INFORMATION_FORMAT = "dwarf-with-dsym";
				ENABLE_NS_ASSERTIONS = NO;
				ENABLE_STRICT_OBJC_MSGSEND = YES;
				GCC_C_LANGUAGE_STANDARD = gnu99;
				GCC_NO_COMMON_BLOCKS = YES;
				GCC_WARN_64_TO_32_BIT_CONVERSION = YES;
				GCC_WARN_ABOUT_RETURN_TYPE = YES_ERROR;
				GCC_WARN_UNDECLARED_SELECTOR = YES;
				GCC_WARN_UNINITIALIZED_AUTOS = YES_AGGRESSIVE;
				GCC_WARN_UNUSED_FUNCTION = YES;
				GCC_WARN_UNUSED_VARIABLE = YES;
				IPHONEOS_DEPLOYMENT_TARGET = 9.3;
				MTL_ENABLE_DEBUG_INFO = NO;
				SDKROOT = iphoneos;
				TARGETED_DEVICE_FAMILY = "1,2";
				VALIDATE_PRODUCT = YES;
			};
			name = Release;
		};
		3E0D797F1CC52D1C009B6CC4 /* Debug */ = {
			isa = XCBuildConfiguration;
			buildSettings = {
				ASSETCATALOG_COMPILER_APPICON_NAME = AppIcon;
				INFOPLIST_FILE = CollectionViewCarousel/Info.plist;
				LD_RUNPATH_SEARCH_PATHS = "$(inherited) @executable_path/Frameworks";
				PRODUCT_BUNDLE_IDENTIFIER = com.chariotsolutions.CollectionViewCarousel;
				PRODUCT_NAME = "$(TARGET_NAME)";
			};
			name = Debug;
		};
		3E0D79801CC52D1C009B6CC4 /* Release */ = {
			isa = XCBuildConfiguration;
			buildSettings = {
				ASSETCATALOG_COMPILER_APPICON_NAME = AppIcon;
				INFOPLIST_FILE = CollectionViewCarousel/Info.plist;
				LD_RUNPATH_SEARCH_PATHS = "$(inherited) @executable_path/Frameworks";
				PRODUCT_BUNDLE_IDENTIFIER = com.chariotsolutions.CollectionViewCarousel;
				PRODUCT_NAME = "$(TARGET_NAME)";
			};
			name = Release;
		};
		3E0D79821CC52D1C009B6CC4 /* Debug */ = {
			isa = XCBuildConfiguration;
			buildSettings = {
				BUNDLE_LOADER = "$(TEST_HOST)";
				INFOPLIST_FILE = CollectionViewCarouselTests/Info.plist;
				LD_RUNPATH_SEARCH_PATHS = "$(inherited) @executable_path/Frameworks @loader_path/Frameworks";
				PRODUCT_BUNDLE_IDENTIFIER = com.chariotsolutions.CollectionViewCarouselTests;
				PRODUCT_NAME = "$(TARGET_NAME)";
				TEST_HOST = "$(BUILT_PRODUCTS_DIR)/CollectionViewCarousel.app/CollectionViewCarousel";
			};
			name = Debug;
		};
		3E0D79831CC52D1C009B6CC4 /* Release */ = {
			isa = XCBuildConfiguration;
			buildSettings = {
				BUNDLE_LOADER = "$(TEST_HOST)";
				INFOPLIST_FILE = CollectionViewCarouselTests/Info.plist;
				LD_RUNPATH_SEARCH_PATHS = "$(inherited) @executable_path/Frameworks @loader_path/Frameworks";
				PRODUCT_BUNDLE_IDENTIFIER = com.chariotsolutions.CollectionViewCarouselTests;
				PRODUCT_NAME = "$(TARGET_NAME)";
				TEST_HOST = "$(BUILT_PRODUCTS_DIR)/CollectionViewCarousel.app/CollectionViewCarousel";
			};
			name = Release;
		};
		3E0D79851CC52D1C009B6CC4 /* Debug */ = {
			isa = XCBuildConfiguration;
			buildSettings = {
				INFOPLIST_FILE = CollectionViewCarouselUITests/Info.plist;
				LD_RUNPATH_SEARCH_PATHS = "$(inherited) @executable_path/Frameworks @loader_path/Frameworks";
				PRODUCT_BUNDLE_IDENTIFIER = com.chariotsolutions.CollectionViewCarouselUITests;
				PRODUCT_NAME = "$(TARGET_NAME)";
				TEST_TARGET_NAME = CollectionViewCarousel;
			};
			name = Debug;
		};
		3E0D79861CC52D1C009B6CC4 /* Release */ = {
			isa = XCBuildConfiguration;
			buildSettings = {
				INFOPLIST_FILE = CollectionViewCarouselUITests/Info.plist;
				LD_RUNPATH_SEARCH_PATHS = "$(inherited) @executable_path/Frameworks @loader_path/Frameworks";
				PRODUCT_BUNDLE_IDENTIFIER = com.chariotsolutions.CollectionViewCarouselUITests;
				PRODUCT_NAME = "$(TARGET_NAME)";
				TEST_TARGET_NAME = CollectionViewCarousel;
			};
			name = Release;
		};
/* End XCBuildConfiguration section */

/* Begin XCConfigurationList section */
		3E0D794C1CC52D1B009B6CC4 /* Build configuration list for PBXProject "CollectionViewCarousel" */ = {
			isa = XCConfigurationList;
			buildConfigurations = (
				3E0D797C1CC52D1C009B6CC4 /* Debug */,
				3E0D797D1CC52D1C009B6CC4 /* Release */,
			);
			defaultConfigurationIsVisible = 0;
			defaultConfigurationName = Release;
		};
		3E0D797E1CC52D1C009B6CC4 /* Build configuration list for PBXNativeTarget "CollectionViewCarousel" */ = {
			isa = XCConfigurationList;
			buildConfigurations = (
				3E0D797F1CC52D1C009B6CC4 /* Debug */,
				3E0D79801CC52D1C009B6CC4 /* Release */,
			);
			defaultConfigurationIsVisible = 0;
		};
		3E0D79811CC52D1C009B6CC4 /* Build configuration list for PBXNativeTarget "CollectionViewCarouselTests" */ = {
			isa = XCConfigurationList;
			buildConfigurations = (
				3E0D79821CC52D1C009B6CC4 /* Debug */,
				3E0D79831CC52D1C009B6CC4 /* Release */,
			);
			defaultConfigurationIsVisible = 0;
		};
		3E0D79841CC52D1C009B6CC4 /* Build configuration list for PBXNativeTarget "CollectionViewCarouselUITests" */ = {
			isa = XCConfigurationList;
			buildConfigurations = (
				3E0D79851CC52D1C009B6CC4 /* Debug */,
				3E0D79861CC52D1C009B6CC4 /* Release */,
			);
			defaultConfigurationIsVisible = 0;
		};
/* End XCConfigurationList section */
	};
	rootObject = 3E0D79491CC52D1B009B6CC4 /* Project object */;
}
